hash: a2be17c9edecf962c0ac53a36aa45cc4c9fa3a8405f88bbcb199ad32fa960ed3
updated: 2017-06-12T18:44:32.157282342-03:00
imports:
- name: github.com/alecthomas/template
  version: a0175ee3bccc567396460bf5acd36800cb10c49c
  subpackages:
  - parse
- name: github.com/alecthomas/units
  version: 2efee857e7cfd4f3d0138cc3cbb1b4966962b93a
- name: github.com/davecgh/go-spew
  version: 6d212800a42e8ab5c146b8ace3490ee17e5225f9
  subpackages:
  - spew
- name: github.com/eapache/go-resiliency
  version: b1fe83b5b03f624450823b751b662259ffc6af70
  subpackages:
  - breaker
- name: github.com/eapache/go-xerial-snappy
  version: bb955e01b9346ac19dc29eb16586c90ded99a98c
- name: github.com/eapache/queue
  version: 44cc805cf13205b55f69e14bcb69867d1ae92f98
- name: github.com/golang/snappy
  version: d7b1e156f50d3c4664f683603af70e3e47fa0aa2
- name: github.com/pierrec/lz4
  version: 5a3d2245f97fc249850e7802e3c01fad02a1c316
- name: github.com/pierrec/xxHash
  version: 5a004441f897722c627870a981d02b29924215fa
  subpackages:
  - xxHash32
- name: github.com/rcrowley/go-metrics
  version: 1f30fe9094a513ce4c700b9a54458bbb0c96996c
- name: github.com/Shopify/sarama
  version: c01858abb625b73a3af51d0798e4ad42c8147093
- name: gopkg.in/alecthomas/kingpin.v2
  version: 7f0871f2e17818990e4eed73f9b5c2f429501228
testImports: []
